Microsoft Visual Studio Solution File, Format Version 8.00
Project("{8BC9CEB8-8B4A-11D0-8D11-00A0C91BC942}") = "CxImage", "cximage\cximage.vcproj", "{E36D5FED-35CC-497A-B74A-5877FE09BBE8}"
	ProjectSection(ProjectDependencies) = postProject
	EndProjectSection
EndProject
Project("{8BC9CEB8-8B4A-11D0-8D11-00A0C91BC942}") = "CxImageCrtDll", "CxImage\CxImageDLL\CxImageCrtDll.vcproj", "{B2907743-0E26-4CEB-AAAF-A9F1DF2B9062}"
	ProjectSection(ProjectDependencies) = postProject
		{EEE6C8D3-5E5C-4F7D-81BF-5AFD95779704} = {EEE6C8D3-5E5C-4F7D-81BF-5AFD95779704}
		{BA1DF734-57AE-4CCC-87C8-E2C2D2BD5BB1} = {BA1DF734-57AE-4CCC-87C8-E2C2D2BD5BB1}
		{7266C064-34BB-429E-9590-4E324526D668} = {7266C064-34BB-429E-9590-4E324526D668}
		{AB78060E-4FC7-497A-A7AF-57D72689164C} = {AB78060E-4FC7-497A-A7AF-57D72689164C}
		{9FBE270D-07F4-449D-849A-0F8127CCBBDE} = {9FBE270D-07F4-449D-849A-0F8127CCBBDE}
		{1E445F56-5DD0-41D0-A8D3-99415C9BF65E} = {1E445F56-5DD0-41D0-A8D3-99415C9BF65E}
		{E3668AAC-61F6-4BB7-8945-7E80006803AD} = {E3668AAC-61F6-4BB7-8945-7E80006803AD}
	EndProjectSection
EndProject
Project("{8BC9CEB8-8B4A-11D0-8D11-00A0C91BC942}") = "CxImageMfcDll", "CxImage\CxImageDLL\cximagemfcdll.vcproj", "{CE4EF68A-6CDC-4A06-9EAC-DDF4DC0DF010}"
	ProjectSection(ProjectDependencies) = postProject
		{EEE6C8D3-5E5C-4F7D-81BF-5AFD95779704} = {EEE6C8D3-5E5C-4F7D-81BF-5AFD95779704}
		{BA1DF734-57AE-4CCC-87C8-E2C2D2BD5BB1} = {BA1DF734-57AE-4CCC-87C8-E2C2D2BD5BB1}
		{7266C064-34BB-429E-9590-4E324526D668} = {7266C064-34BB-429E-9590-4E324526D668}
		{AB78060E-4FC7-497A-A7AF-57D72689164C} = {AB78060E-4FC7-497A-A7AF-57D72689164C}
		{9FBE270D-07F4-449D-849A-0F8127CCBBDE} = {9FBE270D-07F4-449D-849A-0F8127CCBBDE}
		{1E445F56-5DD0-41D0-A8D3-99415C9BF65E} = {1E445F56-5DD0-41D0-A8D3-99415C9BF65E}
		{E3668AAC-61F6-4BB7-8945-7E80006803AD} = {E3668AAC-61F6-4BB7-8945-7E80006803AD}
	EndProjectSection
EndProject
Project("{8BC9CEB8-8B4A-11D0-8D11-00A0C91BC942}") = "demo", "demo\demo.vcproj", "{C3AC72AE-2C28-4499-B5D7-9174554AE1FA}"
	ProjectSection(ProjectDependencies) = postProject
		{EEE6C8D3-5E5C-4F7D-81BF-5AFD95779704} = {EEE6C8D3-5E5C-4F7D-81BF-5AFD95779704}
		{E3668AAC-61F6-4BB7-8945-7E80006803AD} = {E3668AAC-61F6-4BB7-8945-7E80006803AD}
		{1E445F56-5DD0-41D0-A8D3-99415C9BF65E} = {1E445F56-5DD0-41D0-A8D3-99415C9BF65E}
		{BA1DF734-57AE-4CCC-87C8-E2C2D2BD5BB1} = {BA1DF734-57AE-4CCC-87C8-E2C2D2BD5BB1}
		{7266C064-34BB-429E-9590-4E324526D668} = {7266C064-34BB-429E-9590-4E324526D668}
		{AB78060E-4FC7-497A-A7AF-57D72689164C} = {AB78060E-4FC7-497A-A7AF-57D72689164C}
		{9FBE270D-07F4-449D-849A-0F8127CCBBDE} = {9FBE270D-07F4-449D-849A-0F8127CCBBDE}
		{E36D5FED-35CC-497A-B74A-5877FE09BBE8} = {E36D5FED-35CC-497A-B74A-5877FE09BBE8}
	EndProjectSection
EndProject
Project("{8BC9CEB8-8B4A-11D0-8D11-00A0C91BC942}") = "demoDll", "demo\demoDLL.vcproj", "{FCFD6F2C-D6E8-46BE-99C8-A09D30064936}"
	ProjectSection(ProjectDependencies) = postProject
		{B2907743-0E26-4CEB-AAAF-A9F1DF2B9062} = {B2907743-0E26-4CEB-AAAF-A9F1DF2B9062}
	EndProjectSection
EndProject
Project("{8BC9CEB8-8B4A-11D0-8D11-00A0C91BC942}") = "j2k", "j2k\j2k.vcproj", "{E3668AAC-61F6-4BB7-8945-7E80006803AD}"
	ProjectSection(ProjectDependencies) = postProject
	EndProjectSection
EndProject
Project("{8BC9CEB8-8B4A-11D0-8D11-00A0C91BC942}") = "jasper", "jasper\jasper.vcproj", "{EEE6C8D3-5E5C-4F7D-81BF-5AFD95779704}"
	ProjectSection(ProjectDependencies) = postProject
	EndProjectSection
EndProject
Project("{8BC9CEB8-8B4A-11D0-8D11-00A0C91BC942}") = "jbig", "jbig\jbig.vcproj", "{1E445F56-5DD0-41D0-A8D3-99415C9BF65E}"
	ProjectSection(ProjectDependencies) = postProject
	EndProjectSection
EndProject
Project("{8BC9CEB8-8B4A-11D0-8D11-00A0C91BC942}") = "jpeg", "jpeg\Jpeg.vcproj", "{9FBE270D-07F4-449D-849A-0F8127CCBBDE}"
	ProjectSection(ProjectDependencies) = postProject
	EndProjectSection
EndProject
Project("{8BC9CEB8-8B4A-11D0-8D11-00A0C91BC942}") = "png", "png\png.vcproj", "{AB78060E-4FC7-497A-A7AF-57D72689164C}"
	ProjectSection(ProjectDependencies) = postProject
	EndProjectSection
EndProject
Project("{8BC9CEB8-8B4A-11D0-8D11-00A0C91BC942}") = "tiff", "tiff\Tiff.vcproj", "{7266C064-34BB-429E-9590-4E324526D668}"
	ProjectSection(ProjectDependencies) = postProject
	EndProjectSection
EndProject
Project("{8BC9CEB8-8B4A-11D0-8D11-00A0C91BC942}") = "zlib", "zlib\zlib.vcproj", "{BA1DF734-57AE-4CCC-87C8-E2C2D2BD5BB1}"
	ProjectSection(ProjectDependencies) = postProject
	EndProjectSection
EndProject
Global
	GlobalSection(SolutionConfiguration) = preSolution
		Debug = Debug
		Release = Release
	EndGlobalSection
	GlobalSection(ProjectConfiguration) = postSolution
		{E36D5FED-35CC-497A-B74A-5877FE09BBE8}.Debug.ActiveCfg = Debug|Win32
		{E36D5FED-35CC-497A-B74A-5877FE09BBE8}.Debug.Build.0 = Debug|Win32
		{E36D5FED-35CC-497A-B74A-5877FE09BBE8}.Release.ActiveCfg = Release|Win32
		{E36D5FED-35CC-497A-B74A-5877FE09BBE8}.Release.Build.0 = Release|Win32
		{B2907743-0E26-4CEB-AAAF-A9F1DF2B9062}.Debug.ActiveCfg = Debug|Win32
		{B2907743-0E26-4CEB-AAAF-A9F1DF2B9062}.Debug.Build.0 = Debug|Win32
		{B2907743-0E26-4CEB-AAAF-A9F1DF2B9062}.Release.ActiveCfg = Release|Win32
		{B2907743-0E26-4CEB-AAAF-A9F1DF2B9062}.Release.Build.0 = Release|Win32
		{CE4EF68A-6CDC-4A06-9EAC-DDF4DC0DF010}.Debug.ActiveCfg = Debug|Win32
		{CE4EF68A-6CDC-4A06-9EAC-DDF4DC0DF010}.Debug.Build.0 = Debug|Win32
		{CE4EF68A-6CDC-4A06-9EAC-DDF4DC0DF010}.Release.ActiveCfg = Release|Win32
		{CE4EF68A-6CDC-4A06-9EAC-DDF4DC0DF010}.Release.Build.0 = Release|Win32
		{C3AC72AE-2C28-4499-B5D7-9174554AE1FA}.Debug.ActiveCfg = Debug|Win32
		{C3AC72AE-2C28-4499-B5D7-9174554AE1FA}.Debug.Build.0 = Debug|Win32
		{C3AC72AE-2C28-4499-B5D7-9174554AE1FA}.Release.ActiveCfg = Release|Win32
		{C3AC72AE-2C28-4499-B5D7-9174554AE1FA}.Release.Build.0 = Release|Win32
		{FCFD6F2C-D6E8-46BE-99C8-A09D30064936}.Debug.ActiveCfg = Debug|Win32
		{FCFD6F2C-D6E8-46BE-99C8-A09D30064936}.Debug.Build.0 = Debug|Win32
		{FCFD6F2C-D6E8-46BE-99C8-A09D30064936}.Release.ActiveCfg = Release|Win32
		{FCFD6F2C-D6E8-46BE-99C8-A09D30064936}.Release.Build.0 = Release|Win32
		{E3668AAC-61F6-4BB7-8945-7E80006803AD}.Debug.ActiveCfg = Debug|Win32
		{E3668AAC-61F6-4BB7-8945-7E80006803AD}.Debug.Build.0 = Debug|Win32
		{E3668AAC-61F6-4BB7-8945-7E80006803AD}.Release.ActiveCfg = Release|Win32
		{E3668AAC-61F6-4BB7-8945-7E80006803AD}.Release.Build.0 = Release|Win32
		{EEE6C8D3-5E5C-4F7D-81BF-5AFD95779704}.Debug.ActiveCfg = Debug|Win32
		{EEE6C8D3-5E5C-4F7D-81BF-5AFD95779704}.Debug.Build.0 = Debug|Win32
		{EEE6C8D3-5E5C-4F7D-81BF-5AFD95779704}.Release.ActiveCfg = Release|Win32
		{EEE6C8D3-5E5C-4F7D-81BF-5AFD95779704}.Release.Build.0 = Release|Win32
		{1E445F56-5DD0-41D0-A8D3-99415C9BF65E}.Debug.ActiveCfg = Debug|Win32
		{1E445F56-5DD0-41D0-A8D3-99415C9BF65E}.Debug.Build.0 = Debug|Win32
		{1E445F56-5DD0-41D0-A8D3-99415C9BF65E}.Release.ActiveCfg = Release|Win32
		{1E445F56-5DD0-41D0-A8D3-99415C9BF65E}.Release.Build.0 = Release|Win32
		{9FBE270D-07F4-449D-849A-0F8127CCBBDE}.Debug.ActiveCfg = Debug|Win32
		{9FBE270D-07F4-449D-849A-0F8127CCBBDE}.Debug.Build.0 = Debug|Win32
		{9FBE270D-07F4-449D-849A-0F8127CCBBDE}.Release.ActiveCfg = Release|Win32
		{9FBE270D-07F4-449D-849A-0F8127CCBBDE}.Release.Build.0 = Release|Win32
		{AB78060E-4FC7-497A-A7AF-57D72689164C}.Debug.ActiveCfg = Debug|Win32
		{AB78060E-4FC7-497A-A7AF-57D72689164C}.Debug.Build.0 = Debug|Win32
		{AB78060E-4FC7-497A-A7AF-57D72689164C}.Release.ActiveCfg = Release|Win32
		{AB78060E-4FC7-497A-A7AF-57D72689164C}.Release.Build.0 = Release|Win32
		{7266C064-34BB-429E-9590-4E324526D668}.Debug.ActiveCfg = Debug|Win32
		{7266C064-34BB-429E-9590-4E324526D668}.Debug.Build.0 = Debug|Win32
		{7266C064-34BB-429E-9590-4E324526D668}.Release.ActiveCfg = Release|Win32
		{7266C064-34BB-429E-9590-4E324526D668}.Release.Build.0 = Release|Win32
		{BA1DF734-57AE-4CCC-87C8-E2C2D2BD5BB1}.Debug.ActiveCfg = Debug|Win32
		{BA1DF734-57AE-4CCC-87C8-E2C2D2BD5BB1}.Debug.Build.0 = Debug|Win32
		{BA1DF734-57AE-4CCC-87C8-E2C2D2BD5BB1}.Release.ActiveCfg = Release|Win32
		{BA1DF734-57AE-4CCC-87C8-E2C2D2BD5BB1}.Release.Build.0 = Release|Win32
	EndGlobalSection
	GlobalSection(ExtensibilityGlobals) = postSolution
	EndGlobalSection
	GlobalSection(ExtensibilityAddIns) = postSolution
	EndGlobalSection
EndGlobal
